
Microsoft Visual Studio Solution File, Format Version 12.00
# Visual Studio 2013
VisualStudioVersion = 12.0.40629.0
MinimumVisualStudioVersion = 10.0.40219.1
Project("{2150E333-8FDC-42A3-9474-1A3956D46DE8}") = "TestApps", "TestApps", "{864CFC04-8A64-4425-8E23-F15762333A92}"
EndProject
Project("{2150E333-8FDC-42A3-9474-1A3956D46DE8}") = "Lib", "Lib", "{A13B9874-C2EA-4C38-A3C4-E579FFA94A54}"
EndProject
Project("{2150E333-8FDC-42A3-9474-1A3956D46DE8}") = "Gui", "Gui", "{99AC5499-F2D9-44FB-9618-D82CEBFACC7F}"
EndProject
Project("{F184B08F-C81C-45F6-A57F-5ABD9991F28F}") = "AnalogClock_VB", "TestApps\Gui\AnalogClock_VB\AnalogClock_VB.vbproj", "{83F974F5-A8AC-4057-8271-03DE550450FF}"
EndProject
Project("{FAE04EC0-301F-11D3-BF4B-00C04F79EFBC}") = "QtSharpHelper", "Lib\QtSharpHelper\QtSharpHelper.csproj", "{2162CC35-77C7-45A6-88A3-F3AA21192D90}"
EndProject
Project("{F184B08F-C81C-45F6-A57F-5ABD9991F28F}") = "BasicForm1_VB", "TestApps\Gui\BasicForm1_VB\BasicForm1_VB.vbproj", "{08EE4313-8AE4-44D1-8F04-D8C765708683}"
EndProject
Project("{FAE04EC0-301F-11D3-BF4B-00C04F79EFBC}") = "BasicForm1_CS", "TestApps\Gui\BasicForm1_CS\BasicForm1_CS.csproj", "{5F162C97-3164-4D29-BCA1-82E88BEA465E}"
EndProject
Project("{F184B08F-C81C-45F6-A57F-5ABD9991F28F}") = "UiFormLoad1_VB", "TestApps\Gui\UiFormLoad1_VB\UiFormLoad1_VB.vbproj", "{8C929941-7A8E-40E5-BE1B-24FF94A475DE}"
EndProject
Project("{F184B08F-C81C-45F6-A57F-5ABD9991F28F}") = "FormLayout1_VB", "TestApps\Gui\FormLayout1_VB\FormLayout1_VB.vbproj", "{A313B1DC-B4EB-4D9C-90CB-ABAA7E38B04E}"
EndProject
Project("{F184B08F-C81C-45F6-A57F-5ABD9991F28F}") = "FormLayout2_VB", "TestApps\Gui\FormLayout2_VB\FormLayout2_VB.vbproj", "{E3E89DB4-4BF3-423F-9886-1017B96D96F9}"
EndProject
Project("{2150E333-8FDC-42A3-9474-1A3956D46DE8}") = "QtQuick", "QtQuick", "{B5AFA46E-460E-4573-8EB9-2AF54DEEC5B5}"
EndProject
Project("{F184B08F-C81C-45F6-A57F-5ABD9991F28F}") = "BasicLayouts1_VB", "TestApps\QtQuick\BasicLayouts1_VB\BasicLayouts1_VB.vbproj", "{A92A7947-C817-42E2-B7A1-CBE83AB916CC}"
EndProject
Project("{F184B08F-C81C-45F6-A57F-5ABD9991F28F}") = "QtQuick_Gallery_VB", "TestApps\QtQuick\QtQuick_Gallery_VB\QtQuick_Gallery_VB.vbproj", "{ED5A0A35-5790-414F-8D22-408C5AA0E18E}"
EndProject
Global
	GlobalSection(SolutionConfigurationPlatforms) = preSolution
		Debug|Any CPU = Debug|Any CPU
		Release|Any CPU = Release|Any CPU
	EndGlobalSection
	GlobalSection(ProjectConfigurationPlatforms) = postSolution
		{83F974F5-A8AC-4057-8271-03DE550450FF}.Debug|Any CPU.ActiveCfg = Debug|Any CPU
		{83F974F5-A8AC-4057-8271-03DE550450FF}.Debug|Any CPU.Build.0 = Debug|Any CPU
		{83F974F5-A8AC-4057-8271-03DE550450FF}.Release|Any CPU.ActiveCfg = Release|Any CPU
		{83F974F5-A8AC-4057-8271-03DE550450FF}.Release|Any CPU.Build.0 = Release|Any CPU
		{2162CC35-77C7-45A6-88A3-F3AA21192D90}.Debug|Any CPU.ActiveCfg = Debug|Any CPU
		{2162CC35-77C7-45A6-88A3-F3AA21192D90}.Debug|Any CPU.Build.0 = Debug|Any CPU
		{2162CC35-77C7-45A6-88A3-F3AA21192D90}.Release|Any CPU.ActiveCfg = Release|Any CPU
		{2162CC35-77C7-45A6-88A3-F3AA21192D90}.Release|Any CPU.Build.0 = Release|Any CPU
		{08EE4313-8AE4-44D1-8F04-D8C765708683}.Debug|Any CPU.ActiveCfg = Debug|Any CPU
		{08EE4313-8AE4-44D1-8F04-D8C765708683}.Debug|Any CPU.Build.0 = Debug|Any CPU
		{08EE4313-8AE4-44D1-8F04-D8C765708683}.Release|Any CPU.ActiveCfg = Release|Any CPU
		{08EE4313-8AE4-44D1-8F04-D8C765708683}.Release|Any CPU.Build.0 = Release|Any CPU
		{5F162C97-3164-4D29-BCA1-82E88BEA465E}.Debug|Any CPU.ActiveCfg = Debug|Any CPU
		{5F162C97-3164-4D29-BCA1-82E88BEA465E}.Debug|Any CPU.Build.0 = Debug|Any CPU
		{5F162C97-3164-4D29-BCA1-82E88BEA465E}.Release|Any CPU.ActiveCfg = Release|Any CPU
		{5F162C97-3164-4D29-BCA1-82E88BEA465E}.Release|Any CPU.Build.0 = Release|Any CPU
		{8C929941-7A8E-40E5-BE1B-24FF94A475DE}.Debug|Any CPU.ActiveCfg = Debug|Any CPU
		{8C929941-7A8E-40E5-BE1B-24FF94A475DE}.Debug|Any CPU.Build.0 = Debug|Any CPU
		{8C929941-7A8E-40E5-BE1B-24FF94A475DE}.Release|Any CPU.ActiveCfg = Release|Any CPU
		{8C929941-7A8E-40E5-BE1B-24FF94A475DE}.Release|Any CPU.Build.0 = Release|Any CPU
		{A313B1DC-B4EB-4D9C-90CB-ABAA7E38B04E}.Debug|Any CPU.ActiveCfg = Debug|Any CPU
		{A313B1DC-B4EB-4D9C-90CB-ABAA7E38B04E}.Debug|Any CPU.Build.0 = Debug|Any CPU
		{A313B1DC-B4EB-4D9C-90CB-ABAA7E38B04E}.Release|Any CPU.ActiveCfg = Release|Any CPU
		{A313B1DC-B4EB-4D9C-90CB-ABAA7E38B04E}.Release|Any CPU.Build.0 = Release|Any CPU
		{E3E89DB4-4BF3-423F-9886-1017B96D96F9}.Debug|Any CPU.ActiveCfg = Debug|Any CPU
		{E3E89DB4-4BF3-423F-9886-1017B96D96F9}.Debug|Any CPU.Build.0 = Debug|Any CPU
		{E3E89DB4-4BF3-423F-9886-1017B96D96F9}.Release|Any CPU.ActiveCfg = Release|Any CPU
		{E3E89DB4-4BF3-423F-9886-1017B96D96F9}.Release|Any CPU.Build.0 = Release|Any CPU
		{A92A7947-C817-42E2-B7A1-CBE83AB916CC}.Debug|Any CPU.ActiveCfg = Debug|Any CPU
		{A92A7947-C817-42E2-B7A1-CBE83AB916CC}.Debug|Any CPU.Build.0 = Debug|Any CPU
		{A92A7947-C817-42E2-B7A1-CBE83AB916CC}.Release|Any CPU.ActiveCfg = Release|Any CPU
		{A92A7947-C817-42E2-B7A1-CBE83AB916CC}.Release|Any CPU.Build.0 = Release|Any CPU
		{ED5A0A35-5790-414F-8D22-408C5AA0E18E}.Debug|Any CPU.ActiveCfg = Debug|Any CPU
		{ED5A0A35-5790-414F-8D22-408C5AA0E18E}.Debug|Any CPU.Build.0 = Debug|Any CPU
		{ED5A0A35-5790-414F-8D22-408C5AA0E18E}.Release|Any CPU.ActiveCfg = Release|Any CPU
		{ED5A0A35-5790-414F-8D22-408C5AA0E18E}.Release|Any CPU.Build.0 = Release|Any CPU
	EndGlobalSection
	GlobalSection(SolutionProperties) = preSolution
		HideSolutionNode = FALSE
	EndGlobalSection
	GlobalSection(NestedProjects) = preSolution
		{99AC5499-F2D9-44FB-9618-D82CEBFACC7F} = {864CFC04-8A64-4425-8E23-F15762333A92}
		{83F974F5-A8AC-4057-8271-03DE550450FF} = {99AC5499-F2D9-44FB-9618-D82CEBFACC7F}
		{2162CC35-77C7-45A6-88A3-F3AA21192D90} = {A13B9874-C2EA-4C38-A3C4-E579FFA94A54}
		{08EE4313-8AE4-44D1-8F04-D8C765708683} = {99AC5499-F2D9-44FB-9618-D82CEBFACC7F}
		{5F162C97-3164-4D29-BCA1-82E88BEA465E} = {99AC5499-F2D9-44FB-9618-D82CEBFACC7F}
		{8C929941-7A8E-40E5-BE1B-24FF94A475DE} = {99AC5499-F2D9-44FB-9618-D82CEBFACC7F}
		{A313B1DC-B4EB-4D9C-90CB-ABAA7E38B04E} = {99AC5499-F2D9-44FB-9618-D82CEBFACC7F}
		{E3E89DB4-4BF3-423F-9886-1017B96D96F9} = {99AC5499-F2D9-44FB-9618-D82CEBFACC7F}
		{B5AFA46E-460E-4573-8EB9-2AF54DEEC5B5} = {864CFC04-8A64-4425-8E23-F15762333A92}
		{A92A7947-C817-42E2-B7A1-CBE83AB916CC} = {B5AFA46E-460E-4573-8EB9-2AF54DEEC5B5}
		{ED5A0A35-5790-414F-8D22-408C5AA0E18E} = {B5AFA46E-460E-4573-8EB9-2AF54DEEC5B5}
	EndGlobalSection
EndGlobal
